<?xml version="1.0" encoding="utf-8"?>
<Project ToolsVersion="4.0" xmlns="http://schemas.microsoft.com/developer/msbuild/2003">
  <ItemGroup>
    <ClCompile Include="common\GL_utilities.c">
      <Filter>MicroGlut</Filter>
    </ClCompile>
    <ClCompile Include="common\Windows\glew.c">
      <Filter>MicroGlut</Filter>
    </ClCompile>
    <ClCompile Include="common\loadobj.c">
      <Filter>MicroGlut</Filter>
    </ClCompile>
    <ClCompile Include="common\LoadTGA.c">
      <Filter>MicroGlut</Filter>
    </ClCompile>
    <ClCompile Include="common\Windows\MicroGlut.c">
      <Filter>MicroGlut</Filter>
    </ClCompile>
    <ClCompile Include="common\VectorUtils3.c">
      <Filter>MicroGlut</Filter>
    </ClCompile>
    <ClCompile Include="source\main.cpp">
      <Filter>source</Filter>
    </ClCompile>
    <ClCompile Include="source\cameracontrol.c">
      <Filter>source</Filter>
    </ClCompile>
    <ClCompile Include="source\display.cpp">
      <Filter>source</Filter>
    </ClCompile>
    <ClCompile Include="source\world_generator.cpp">
      <Filter>source</Filter>
    </ClCompile>
  </ItemGroup>
  <ItemGroup>
    <Filter Include="MicroGlut">
      <UniqueIdentifier>{eb0411f1-499a-4882-9ff6-39f5b413dfd2}</UniqueIdentifier>
    </Filter>
    <Filter Include="source">
      <UniqueIdentifier>{7ec92ec3-e19b-4489-8ddb-5cbac28030cc}</UniqueIdentifier>
    </Filter>
    <Filter Include="shaders">
      <UniqueIdentifier>{0490b0d5-56e3-482c-a9dc-6fe5cfe08231}</UniqueIdentifier>
    </Filter>
  </ItemGroup>
  <ItemGroup>
    <None Include="source\shaders\psych.frag">
      <Filter>shaders</Filter>
    </None>
    <None Include="source\shaders\psych.vert">
      <Filter>shaders</Filter>
    </None>
  </ItemGroup>
  <ItemGroup>
    <ClInclude Include="common\GL_utilities.h">
      <Filter>MicroGlut</Filter>
    </ClInclude>
    <ClInclude Include="common\loadobj.h">
      <Filter>MicroGlut</Filter>
    </ClInclude>
    <ClInclude Include="common\LoadTGA.h">
      <Filter>MicroGlut</Filter>
    </ClInclude>
    <ClInclude Include="common\VectorUtils3.h">
      <Filter>MicroGlut</Filter>
    </ClInclude>
    <ClInclude Include="common\zpr.h">
      <Filter>MicroGlut</Filter>
    </ClInclude>
    <ClInclude Include="common\Windows\MicroGlut.h">
      <Filter>MicroGlut</Filter>
    </ClInclude>
    <ClInclude Include="source\display.h">
      <Filter>source</Filter>
    </ClInclude>
    <ClInclude Include="source\world_generator.h">
      <Filter>source</Filter>
    </ClInclude>
  </ItemGroup>
</Project>